
Microsoft Visual Studio Solution File, Format Version 12.00
# Visual Studio Version 16
VisualStudioVersion = 16.0.31005.135
MinimumVisualStudioVersion = 10.0.40219.1
Project("{9A19103F-16F7-4668-BE54-9A1E7A4F7556}") = "ToDoApp.Api", "ToDoApp.Api\ToDoApp.Api.csproj", "{18524322-BDDB-49AB-AC5C-1BF303D9B15C}"
EndProject
Project("{9A19103F-16F7-4668-BE54-9A1E7A4F7556}") = "ToDoApp.BusinessLayer", "ToDoApp.BusinessLayer\ToDoApp.BusinessLayer.csproj", "{13392F17-B3BF-4D5F-92AD-DA491A304560}"
EndProject
Project("{FAE04EC0-301F-11D3-BF4B-00C04F79EFBC}") = "ToDoApp.DataAccessLayer", "ToDoApp.DataAccessLayerr\ToDoApp.DataAccessLayer.csproj", "{F4084DFC-A1C6-4598-ABD4-40A685DEEE28}"
EndProject
Global
	GlobalSection(SolutionConfigurationPlatforms) = preSolution
		Debug|Any CPU = Debug|Any CPU
		Release|Any CPU = Release|Any CPU
	EndGlobalSection
	GlobalSection(ProjectConfigurationPlatforms) = postSolution
		{18524322-BDDB-49AB-AC5C-1BF303D9B15C}.Debug|Any CPU.ActiveCfg = Debug|Any CPU
		{18524322-BDDB-49AB-AC5C-1BF303D9B15C}.Debug|Any CPU.Build.0 = Debug|Any CPU
		{18524322-BDDB-49AB-AC5C-1BF303D9B15C}.Release|Any CPU.ActiveCfg = Release|Any CPU
		{18524322-BDDB-49AB-AC5C-1BF303D9B15C}.Release|Any CPU.Build.0 = Release|Any CPU
		{13392F17-B3BF-4D5F-92AD-DA491A304560}.Debug|Any CPU.ActiveCfg = Debug|Any CPU
		{13392F17-B3BF-4D5F-92AD-DA491A304560}.Debug|Any CPU.Build.0 = Debug|Any CPU
		{13392F17-B3BF-4D5F-92AD-DA491A304560}.Release|Any CPU.ActiveCfg = Release|Any CPU
		{13392F17-B3BF-4D5F-92AD-DA491A304560}.Release|Any CPU.Build.0 = Release|Any CPU
		{F4084DFC-A1C6-4598-ABD4-40A685DEEE28}.Debug|Any CPU.ActiveCfg = Debug|Any CPU
		{F4084DFC-A1C6-4598-ABD4-40A685DEEE28}.Debug|Any CPU.Build.0 = Debug|Any CPU
		{F4084DFC-A1C6-4598-ABD4-40A685DEEE28}.Release|Any CPU.ActiveCfg = Release|Any CPU
		{F4084DFC-A1C6-4598-ABD4-40A685DEEE28}.Release|Any CPU.Build.0 = Release|Any CPU
	EndGlobalSection
	GlobalSection(SolutionProperties) = preSolution
		HideSolutionNode = FALSE
	EndGlobalSection
	GlobalSection(ExtensibilityGlobals) = postSolution
		SolutionGuid = {49ED4BB0-C33E-4EE8-83C8-0D09593AFAF3}
	EndGlobalSection
EndGlobal
